
Microsoft Visual Studio Solution File, Format Version 12.00
# Visual Studio Version 17
VisualStudioVersion = 17.10.35122.118
MinimumVisualStudioVersion = 10.0.40219.1
Project("{9A19103F-16F7-4668-BE54-9A1E7A4F7556}") = "EasyFluentSql.Core", "src\EasyFluentSql.Core\EasyFluentSql.Core.csproj", "{8C0C965C-0736-4462-9BBA-E2EF55AB2183}"
EndProject
Project("{9A19103F-16F7-4668-BE54-9A1E7A4F7556}") = "EasyFluientSql.Extensions.DependencyInjection", "src\EasyFluientSql.Extensions.DependencyInjection\EasyFluientSql.Extensions.DependencyInjection.csproj", "{9DB8A19E-4529-4549-8906-3A23FBC6A14C}"
EndProject
Global
	GlobalSection(SolutionConfigurationPlatforms) = preSolution
		Debug|Any CPU = Debug|Any CPU
		Release|Any CPU = Release|Any CPU
	EndGlobalSection
	GlobalSection(ProjectConfigurationPlatforms) = postSolution
		{8C0C965C-0736-4462-9BBA-E2EF55AB2183}.Debug|Any CPU.ActiveCfg = Debug|Any CPU
		{8C0C965C-0736-4462-9BBA-E2EF55AB2183}.Debug|Any CPU.Build.0 = Debug|Any CPU
		{8C0C965C-0736-4462-9BBA-E2EF55AB2183}.Release|Any CPU.ActiveCfg = Release|Any CPU
		{8C0C965C-0736-4462-9BBA-E2EF55AB2183}.Release|Any CPU.Build.0 = Release|Any CPU
		{9DB8A19E-4529-4549-8906-3A23FBC6A14C}.Debug|Any CPU.ActiveCfg = Debug|Any CPU
		{9DB8A19E-4529-4549-8906-3A23FBC6A14C}.Debug|Any CPU.Build.0 = Debug|Any CPU
		{9DB8A19E-4529-4549-8906-3A23FBC6A14C}.Release|Any CPU.ActiveCfg = Release|Any CPU
		{9DB8A19E-4529-4549-8906-3A23FBC6A14C}.Release|Any CPU.Build.0 = Release|Any CPU
	EndGlobalSection
	GlobalSection(SolutionProperties) = preSolution
		HideSolutionNode = FALSE
	EndGlobalSection
	GlobalSection(ExtensibilityGlobals) = postSolution
		SolutionGuid = {1C3E9D67-6929-4546-96AC-94D1CCB0FCCB}
	EndGlobalSection
EndGlobal
